// !$*UTF8*$!
{
	archiveVersion = 1;
	classes = {
	};
	objectVersion = 46;
	objects = {

/* Begin PBXBuildFile section */
		400ACE551FE10EE000C782CC /* VideoSources.swift in Sources */ = {isa = PBXBuildFile; fileRef = 400ACE541FE10EE000C782CC /* VideoSources.swift */; };
		400ACE571FE10FF900C782CC /* FetchSubtitleManager.swift in Sources */ = {isa = PBXBuildFile; fileRef = 400ACE561FE10FF900C782CC /* FetchSubtitleManager.swift */; };
		400ACE591FE1172600C782CC /* String+Additions.swift in Sources */ = {isa = PBXBuildFile; fileRef = 400ACE581FE1172600C782CC /* String+Additions.swift */; };
		400ACE5B1FE1241400C782CC /* Subtitle.swift in Sources */ = {isa = PBXBuildFile; fileRef = 400ACE5A1FE1241400C782CC /* Subtitle.swift */; };
		400ACE5D1FE1251900C782CC /* Parser.swift in Sources */ = {isa = PBXBuildFile; fileRef = 400ACE5C1FE1251900C782CC /* Parser.swift */; };
		401E56AD1EF50BA60003FBA8 /* Parse.swift in Sources */ = {isa = PBXBuildFile; fileRef = 401E56AC1EF50BA60003FBA8 /* Parse.swift */; };
		408EB0951E151C7F00BDEC18 /* main.swift in Sources */ = {isa = PBXBuildFile; fileRef = 408EB0941E151C7F00BDEC18 /* main.swift */; };
/* End PBXBuildFile section */

/* Begin PBXCopyFilesBuildPhase section */
		408EB08F1E151C7F00BDEC18 /* CopyFiles */ = {
			isa = PBXCopyFilesBuildPhase;
			buildActionMask = 2147483647;
			dstPath = /usr/share/man/man1/;
			dstSubfolderSpec = 0;
			files = (
			);
			runOnlyForDeploymentPostprocessing = 1;
		};
/* End PBXCopyFilesBuildPhase section */

/* Begin PBXFileReference section */
		400ACE541FE10EE000C782CC /* VideoSources.swift */ = {isa = PBXFileReference; lastKnownFileType = sourcecode.swift; path = VideoSources.swift; sourceTree = "<group>"; };
		400ACE561FE10FF900C782CC /* FetchSubtitleManager.swift */ = {isa = PBXFileReference; lastKnownFileType = sourcecode.swift; path = FetchSubtitleManager.swift; sourceTree = "<group>"; };
		400ACE581FE1172600C782CC /* String+Additions.swift */ = {isa = PBXFileReference; lastKnownFileType = sourcecode.swift; path = "String+Additions.swift"; sourceTree = "<group>"; };
		400ACE5A1FE1241400C782CC /* Subtitle.swift */ = {isa = PBXFileReference; lastKnownFileType = sourcecode.swift; path = Subtitle.swift; sourceTree = "<group>"; };
		400ACE5C1FE1251900C782CC /* Parser.swift */ = {isa = PBXFileReference; lastKnownFileType = sourcecode.swift; path = Parser.swift; sourceTree = "<group>"; };
		401E56AC1EF50BA60003FBA8 /* Parse.swift */ = {isa = PBXFileReference; lastKnownFileType = sourcecode.swift; path = Parse.swift; sourceTree = "<group>"; };
		408EB0911E151C7F00BDEC18 /* FetchChsSubtitles */ = {isa = PBXFileReference; explicitFileType = "compiled.mach-o.executable"; includeInIndex = 0; path = FetchChsSubtitles; sourceTree = BUILT_PRODUCTS_DIR; };
		408EB0941E151C7F00BDEC18 /* main.swift */ = {isa = PBXFileReference; lastKnownFileType = sourcecode.swift; path = main.swift; sourceTree = "<group>"; };
		40ADE4F31EF910E0004B27BD /* list.txt */ = {isa = PBXFileReference; lastKnownFileType = text; path = list.txt; sourceTree = "<group>"; };
/* End PBXFileReference section */

/* Begin PBXFrameworksBuildPhase section */
		408EB08E1E151C7F00BDEC18 /* Frameworks */ = {
			isa = PBXFrameworksBuildPhase;
			buildActionMask = 2147483647;
			files = (
			);
			runOnlyForDeploymentPostprocessing = 0;
		};
/* End PBXFrameworksBuildPhase section */

/* Begin PBXGroup section */
		400ACE5E1FE12B1B00C782CC /* Parser */ = {
			isa = PBXGroup;
			children = (
				400ACE5C1FE1251900C782CC /* Parser.swift */,
				400ACE5A1FE1241400C782CC /* Subtitle.swift */,
			);
			path = Parser;
			sourceTree = "<group>";
		};
		408EB0881E151C7F00BDEC18 = {
			isa = PBXGroup;
			children = (
				408EB0931E151C7F00BDEC18 /* FetchChsSubtitles */,
				408EB0921E151C7F00BDEC18 /* Products */,
			);
			sourceTree = "<group>";
		};
		408EB0921E151C7F00BDEC18 /* Products */ = {
			isa = PBXGroup;
			children = (
				408EB0911E151C7F00BDEC18 /* FetchChsSubtitles */,
			);
			name = Products;
			sourceTree = "<group>";
		};
		408EB0931E151C7F00BDEC18 /* FetchChsSubtitles */ = {
			isa = PBXGroup;
			children = (
				408EB0941E151C7F00BDEC18 /* main.swift */,
				400ACE541FE10EE000C782CC /* VideoSources.swift */,
				401E56AC1EF50BA60003FBA8 /* Parse.swift */,
				400ACE5E1FE12B1B00C782CC /* Parser */,
				400ACE561FE10FF900C782CC /* FetchSubtitleManager.swift */,
				400ACE581FE1172600C782CC /* String+Additions.swift */,
				40ADE4F21EF910E0004B27BD /* Resources */,
			);
			path = FetchChsSubtitles;
			sourceTree = "<group>";
		};
		40ADE4F21EF910E0004B27BD /* Resources */ = {
			isa = PBXGroup;
			children = (
				40ADE4F31EF910E0004B27BD /* list.txt */,
			);
			path = Resources;
			sourceTree = "<group>";
		};
/* End PBXGroup section */

/* Begin PBXNativeTarget section */
		408EB0901E151C7F00BDEC18 /* FetchChsSubtitles */ = {
			isa = PBXNativeTarget;
			buildConfigurationList = 408EB0981E151C7F00BDEC18 /* Build configuration list for PBXNativeTarget "FetchChsSubtitles" */;
			buildPhases = (
				408EB08D1E151C7F00BDEC18 /* Sources */,
				408EB08E1E151C7F00BDEC18 /* Frameworks */,
				408EB08F1E151C7F00BDEC18 /* CopyFiles */,
			);
			buildRules = (
			);
			dependencies = (
			);
			name = FetchChsSubtitles;
			productName = FetchChsSubtitles;
			productReference = 408EB0911E151C7F00BDEC18 /* FetchChsSubtitles */;
			productType = "com.apple.product-type.tool";
		};
/* End PBXNativeTarget section */

/* Begin PBXProject section */
		408EB0891E151C7F00BDEC18 /* Project object */ = {
			isa = PBXProject;
			attributes = {
				LastSwiftUpdateCheck = 0820;
				LastUpgradeCheck = 0920;
				ORGANIZATIONNAME = "Dean Chung";
				TargetAttributes = {
					408EB0901E151C7F00BDEC18 = {
						CreatedOnToolsVersion = 8.2.1;
						ProvisioningStyle = Automatic;
					};
				};
			};
			buildConfigurationList = 408EB08C1E151C7F00BDEC18 /* Build configuration list for PBXProject "FetchChsSubtitles" */;
			compatibilityVersion = "Xcode 3.2";
			developmentRegion = English;
			hasScannedForEncodings = 0;
			knownRegions = (
				en,
			);
			mainGroup = 408EB0881E151C7F00BDEC18;
			productRefGroup = 408EB0921E151C7F00BDEC18 /* Products */;
			projectDirPath = "";
			projectRoot = "";
			targets = (
				408EB0901E151C7F00BDEC18 /* FetchChsSubtitles */,
			);
		};
/* End PBXProject section */

/* Begin PBXSourcesBuildPhase section */
		408EB08D1E151C7F00BDEC18 /* Sources */ = {
			isa = PBXSourcesBuildPhase;
			buildActionMask = 2147483647;
			files = (
				408EB0951E151C7F00BDEC18 /* main.swift in Sources */,
				400ACE591FE1172600C782CC /* String+Additions.swift in Sources */,
				400ACE551FE10EE000C782CC /* VideoSources.swift in Sources */,
				400ACE5B1FE1241400C782CC /* Subtitle.swift in Sources */,
				400ACE571FE10FF900C782CC /* FetchSubtitleManager.swift in Sources */,
				401E56AD1EF50BA60003FBA8 /* Parse.swift in Sources */,
				400ACE5D1FE1251900C782CC /* Parser.swift in Sources */,
			);
			runOnlyForDeploymentPostprocessing = 0;
		};
/* End PBXSourcesBuildPhase section */

/* Begin XCBuildConfiguration section */
		408EB0961E151C7F00BDEC18 /* Debug */ = {
			isa = XCBuildConfiguration;
			buildSettings = {
				ALWAYS_SEARCH_USER_PATHS = NO;
				CLANG_ANALYZER_NONNULL = YES;
				CLANG_CXX_LANGUAGE_STANDARD = "gnu++0x";
				CLANG_CXX_LIBRARY = "libc++";
				CLANG_ENABLE_MODULES = YES;
				CLANG_ENABLE_OBJC_ARC = YES;
				CLANG_WARN_BLOCK_CAPTURE_AUTORELEASING = YES;
				CLANG_WARN_BOOL_CONVERSION = YES;
				CLANG_WARN_COMMA = YES;
				CLANG_WARN_CONSTANT_CONVERSION = YES;
				CLANG_WARN_DIRECT_OBJC_ISA_USAGE = YES_ERROR;
				CLANG_WARN_DOCUMENTATION_COMMENTS = YES;
				CLANG_WARN_EMPTY_BODY = YES;
				CLANG_WARN_ENUM_CONVERSION = YES;
				CLANG_WARN_INFINITE_RECURSION = YES;
				CLANG_WARN_INT_CONVERSION = YES;
				CLANG_WARN_NON_LITERAL_NULL_CONVERSION = YES;
				CLANG_WARN_OBJC_LITERAL_CONVERSION = YES;
				CLANG_WARN_OBJC_ROOT_CLASS = YES_ERROR;
				CLANG_WARN_RANGE_LOOP_ANALYSIS = YES;
				CLANG_WARN_STRICT_PROTOTYPES = YES;
				CLANG_WARN_SUSPICIOUS_MOVE = YES;
				CLANG_WARN_UNREACHABLE_CODE = YES;
				CLANG_WARN__DUPLICATE_METHOD_MATCH = YES;
				CODE_SIGN_IDENTITY = "-";
				COPY_PHASE_STRIP = NO;
				DEBUG_INFORMATION_FORMAT = dwarf;
				ENABLE_STRICT_OBJC_MSGSEND = YES;
				ENABLE_TESTABILITY = YES;
				GCC_C_LANGUAGE_STANDARD = gnu99;
				GCC_DYNAMIC_NO_PIC = NO;
				GCC_NO_COMMON_BLOCKS = YES;
				GCC_OPTIMIZATION_LEVEL = 0;
				GCC_PREPROCESSOR_DEFINITIONS = (
					"DEBUG=1",
					"$(inherited)",
				);
				GCC_WARN_64_TO_32_BIT_CONVERSION = YES;
				GCC_WARN_ABOUT_RETURN_TYPE = YES_ERROR;
				GCC_WARN_UNDECLARED_SELECTOR = YES;
				GCC_WARN_UNINITIALIZED_AUTOS = YES_AGGRESSIVE;
				GCC_WARN_UNUSED_FUNCTION = YES;
				GCC_WARN_UNUSED_VARIABLE = YES;
				MACOSX_DEPLOYMENT_TARGET = 10.12;
				MTL_ENABLE_DEBUG_INFO = YES;
				ONLY_ACTIVE_ARCH = YES;
				SDKROOT = macosx;
				SWIFT_OPTIMIZATION_LEVEL = "-Onone";
			};
			name = Debug;
		};
		408EB0971E151C7F00BDEC18 /* Release */ = {
			isa = XCBuildConfiguration;
			buildSettings = {
				ALWAYS_SEARCH_USER_PATHS = NO;
				CLANG_ANALYZER_NONNULL = YES;
				CLANG_CXX_LANGUAGE_STANDARD = "gnu++0x";
				CLANG_CXX_LIBRARY = "libc++";
				CLANG_ENABLE_MODULES = YES;
				CLANG_ENABLE_OBJC_ARC = YES;
				CLANG_WARN_BLOCK_CAPTURE_AUTORELEASING = YES;
				CLANG_WARN_BOOL_CONVERSION = YES;
				CLANG_WARN_COMMA = YES;
				CLANG_WARN_CONSTANT_CONVERSION = YES;
				CLANG_WARN_DIRECT_OBJC_ISA_USAGE = YES_ERROR;
				CLANG_WARN_DOCUMENTATION_COMMENTS = YES;
				CLANG_WARN_EMPTY_BODY = YES;
				CLANG_WARN_ENUM_CONVERSION = YES;
				CLANG_WARN_INFINITE_RECURSION = YES;
				CLANG_WARN_INT_CONVERSION = YES;
				CLANG_WARN_NON_LITERAL_NULL_CONVERSION = YES;
				CLANG_WARN_OBJC_LITERAL_CONVERSION = YES;
				CLANG_WARN_OBJC_ROOT_CLASS = YES_ERROR;
				CLANG_WARN_RANGE_LOOP_ANALYSIS = YES;
				CLANG_WARN_STRICT_PROTOTYPES = YES;
				CLANG_WARN_SUSPICIOUS_MOVE = YES;
				CLANG_WARN_UNREACHABLE_CODE = YES;
				CLANG_WARN__DUPLICATE_METHOD_MATCH = YES;
				CODE_SIGN_IDENTITY = "-";
				COPY_PHASE_STRIP = NO;
				DEBUG_INFORMATION_FORMAT = "dwarf-with-dsym";
				ENABLE_NS_ASSERTIONS = NO;
				ENABLE_STRICT_OBJC_MSGSEND = YES;
				GCC_C_LANGUAGE_STANDARD = gnu99;
				GCC_NO_COMMON_BLOCKS = YES;
				GCC_WARN_64_TO_32_BIT_CONVERSION = YES;
				GCC_WARN_ABOUT_RETURN_TYPE = YES_ERROR;
				GCC_WARN_UNDECLARED_SELECTOR = YES;
				GCC_WARN_UNINITIALIZED_AUTOS = YES_AGGRESSIVE;
				GCC_WARN_UNUSED_FUNCTION = YES;
				GCC_WARN_UNUSED_VARIABLE = YES;
				MACOSX_DEPLOYMENT_TARGET = 10.12;
				MTL_ENABLE_DEBUG_INFO = NO;
				SDKROOT = macosx;
				SWIFT_OPTIMIZATION_LEVEL = "-Owholemodule";
			};
			name = Release;
		};
		408EB0991E151C7F00BDEC18 /* Debug */ = {
			isa = XCBuildConfiguration;
			buildSettings = {
				PRODUCT_NAME = "$(TARGET_NAME)";
				SWIFT_VERSION = 3.0;
			};
			name = Debug;
		};
		408EB09A1E151C7F00BDEC18 /* Release */ = {
			isa = XCBuildConfiguration;
			buildSettings = {
				PRODUCT_NAME = "$(TARGET_NAME)";
				SWIFT_VERSION = 3.0;
			};
			name = Release;
		};
/* End XCBuildConfiguration section */

/* Begin XCConfigurationList section */
		408EB08C1E151C7F00BDEC18 /* Build configuration list for PBXProject "FetchChsSubtitles" */ = {
			isa = XCConfigurationList;
			buildConfigurations = (
				408EB0961E151C7F00BDEC18 /* Debug */,
				408EB0971E151C7F00BDEC18 /* Release */,
			);
			defaultConfigurationIsVisible = 0;
			defaultConfigurationName = Release;
		};
		408EB0981E151C7F00BDEC18 /* Build configuration list for PBXNativeTarget "FetchChsSubtitles" */ = {
			isa = XCConfigurationList;
			buildConfigurations = (
				408EB0991E151C7F00BDEC18 /* Debug */,
				408EB09A1E151C7F00BDEC18 /* Release */,
			);
			defaultConfigurationIsVisible = 0;
			defaultConfigurationName = Release;
		};
/* End XCConfigurationList section */
	};
	rootObject = 408EB0891E151C7F00BDEC18 /* Project object */;
}
